
Microsoft Visual Studio Solution File, Format Version 12.00
# Visual Studio 2015
Project("{FAE04EC0-301F-11D3-BF4B-00C04F79EFBC}") = "Controller Tutorial", "Controller Tutorial.csproj", "{0E5D8F38-B1AA-84BC-73B7-9D5B518702EB}"
EndProject
Project("{FAE04EC0-301F-11D3-BF4B-00C04F79EFBC}") = "Controller Tutorial.Editor", "Controller Tutorial.Editor.csproj", "{939EA1A0-2CA8-2038-2612-C8435F36C7B7}"
EndProject
Global
	GlobalSection(SolutionConfigurationPlatforms) = preSolution
		Debug|Any CPU = Debug|Any CPU
		Release|Any CPU = Release|Any CPU
	EndGlobalSection
	GlobalSection(ProjectConfigurationPlatforms) = postSolution
		{0E5D8F38-B1AA-84BC-73B7-9D5B518702EB}.Debug|Any CPU.ActiveCfg = Debug|Any CPU
		{0E5D8F38-B1AA-84BC-73B7-9D5B518702EB}.Debug|Any CPU.Build.0 = Debug|Any CPU
		{0E5D8F38-B1AA-84BC-73B7-9D5B518702EB}.Release|Any CPU.ActiveCfg = Release|Any CPU
		{0E5D8F38-B1AA-84BC-73B7-9D5B518702EB}.Release|Any CPU.Build.0 = Release|Any CPU
		{939EA1A0-2CA8-2038-2612-C8435F36C7B7}.Debug|Any CPU.ActiveCfg = Debug|Any CPU
		{939EA1A0-2CA8-2038-2612-C8435F36C7B7}.Debug|Any CPU.Build.0 = Debug|Any CPU
		{939EA1A0-2CA8-2038-2612-C8435F36C7B7}.Release|Any CPU.ActiveCfg = Release|Any CPU
		{939EA1A0-2CA8-2038-2612-C8435F36C7B7}.Release|Any CPU.Build.0 = Release|Any CPU
	EndGlobalSection
	GlobalSection(SolutionProperties) = preSolution
		HideSolutionNode = FALSE
	EndGlobalSection
EndGlobal
